
Microsoft Visual Studio Solution File, Format Version 12.00
# Visual Studio Version 17
VisualStudioVersion = 17.14.36301.6
MinimumVisualStudioVersion = 10.0.40219.1
Project("{8BC9CEB8-8B4A-11D0-8D11-00A0C91BC942}") = "Network", "Network\Network.vcxproj", "{7B8EB30D-0529-4606-AE41-DA1CBFA3313B}"
	ProjectSection(ProjectDependencies) = postProject
		{1842B402-BCB3-4337-8556-25582ABFD8F3} = {1842B402-BCB3-4337-8556-25582ABFD8F3}
	EndProjectSection
EndProject
Project("{8BC9CEB8-8B4A-11D0-8D11-00A0C91BC942}") = "RedisTest", "RedisTest\RedisTest.vcxproj", "{B75F8DBF-4E0B-49F9-916E-D783B66DC4DD}"
EndProject
Project("{8BC9CEB8-8B4A-11D0-8D11-00A0C91BC942}") = "Core", "Core\Core.vcxproj", "{1842B402-BCB3-4337-8556-25582ABFD8F3}"
EndProject
Project("{8BC9CEB8-8B4A-11D0-8D11-00A0C91BC942}") = "TestClient", "TestClient\TestClient.vcxproj", "{047C1E29-9E17-4A40-9054-B93CA4A940B8}"
	ProjectSection(ProjectDependencies) = postProject
		{1842B402-BCB3-4337-8556-25582ABFD8F3} = {1842B402-BCB3-4337-8556-25582ABFD8F3}
		{7B8EB30D-0529-4606-AE41-DA1CBFA3313B} = {7B8EB30D-0529-4606-AE41-DA1CBFA3313B}
	EndProjectSection
EndProject
Project("{8BC9CEB8-8B4A-11D0-8D11-00A0C91BC942}") = "GameServer", "GameServer\GameServer.vcxproj", "{4FF37A9C-B722-4875-A472-9259409E8FC4}"
	ProjectSection(ProjectDependencies) = postProject
		{1842B402-BCB3-4337-8556-25582ABFD8F3} = {1842B402-BCB3-4337-8556-25582ABFD8F3}
		{7B8EB30D-0529-4606-AE41-DA1CBFA3313B} = {7B8EB30D-0529-4606-AE41-DA1CBFA3313B}
	EndProjectSection
EndProject
Global
	GlobalSection(SolutionConfigurationPlatforms) = preSolution
		Debug|x64 = Debug|x64
		Debug|x86 = Debug|x86
		Release|x64 = Release|x64
		Release|x86 = Release|x86
	EndGlobalSection
	GlobalSection(ProjectConfigurationPlatforms) = postSolution
		{7B8EB30D-0529-4606-AE41-DA1CBFA3313B}.Debug|x64.ActiveCfg = Debug|x64
		{7B8EB30D-0529-4606-AE41-DA1CBFA3313B}.Debug|x64.Build.0 = Debug|x64
		{7B8EB30D-0529-4606-AE41-DA1CBFA3313B}.Debug|x86.ActiveCfg = Debug|Win32
		{7B8EB30D-0529-4606-AE41-DA1CBFA3313B}.Debug|x86.Build.0 = Debug|Win32
		{7B8EB30D-0529-4606-AE41-DA1CBFA3313B}.Release|x64.ActiveCfg = Release|x64
		{7B8EB30D-0529-4606-AE41-DA1CBFA3313B}.Release|x64.Build.0 = Release|x64
		{7B8EB30D-0529-4606-AE41-DA1CBFA3313B}.Release|x86.ActiveCfg = Release|Win32
		{7B8EB30D-0529-4606-AE41-DA1CBFA3313B}.Release|x86.Build.0 = Release|Win32
		{B75F8DBF-4E0B-49F9-916E-D783B66DC4DD}.Debug|x64.ActiveCfg = Debug|x64
		{B75F8DBF-4E0B-49F9-916E-D783B66DC4DD}.Debug|x64.Build.0 = Debug|x64
		{B75F8DBF-4E0B-49F9-916E-D783B66DC4DD}.Debug|x86.ActiveCfg = Debug|Win32
		{B75F8DBF-4E0B-49F9-916E-D783B66DC4DD}.Debug|x86.Build.0 = Debug|Win32
		{B75F8DBF-4E0B-49F9-916E-D783B66DC4DD}.Release|x64.ActiveCfg = Release|x64
		{B75F8DBF-4E0B-49F9-916E-D783B66DC4DD}.Release|x64.Build.0 = Release|x64
		{B75F8DBF-4E0B-49F9-916E-D783B66DC4DD}.Release|x86.ActiveCfg = Release|Win32
		{B75F8DBF-4E0B-49F9-916E-D783B66DC4DD}.Release|x86.Build.0 = Release|Win32
		{1842B402-BCB3-4337-8556-25582ABFD8F3}.Debug|x64.ActiveCfg = Debug|x64
		{1842B402-BCB3-4337-8556-25582ABFD8F3}.Debug|x64.Build.0 = Debug|x64
		{1842B402-BCB3-4337-8556-25582ABFD8F3}.Debug|x86.ActiveCfg = Debug|Win32
		{1842B402-BCB3-4337-8556-25582ABFD8F3}.Debug|x86.Build.0 = Debug|Win32
		{1842B402-BCB3-4337-8556-25582ABFD8F3}.Release|x64.ActiveCfg = Release|x64
		{1842B402-BCB3-4337-8556-25582ABFD8F3}.Release|x64.Build.0 = Release|x64
		{1842B402-BCB3-4337-8556-25582ABFD8F3}.Release|x86.ActiveCfg = Release|Win32
		{1842B402-BCB3-4337-8556-25582ABFD8F3}.Release|x86.Build.0 = Release|Win32
		{047C1E29-9E17-4A40-9054-B93CA4A940B8}.Debug|x64.ActiveCfg = Debug|x64
		{047C1E29-9E17-4A40-9054-B93CA4A940B8}.Debug|x64.Build.0 = Debug|x64
		{047C1E29-9E17-4A40-9054-B93CA4A940B8}.Debug|x86.ActiveCfg = Debug|Win32
		{047C1E29-9E17-4A40-9054-B93CA4A940B8}.Debug|x86.Build.0 = Debug|Win32
		{047C1E29-9E17-4A40-9054-B93CA4A940B8}.Release|x64.ActiveCfg = Release|x64
		{047C1E29-9E17-4A40-9054-B93CA4A940B8}.Release|x64.Build.0 = Release|x64
		{047C1E29-9E17-4A40-9054-B93CA4A940B8}.Release|x86.ActiveCfg = Release|Win32
		{047C1E29-9E17-4A40-9054-B93CA4A940B8}.Release|x86.Build.0 = Release|Win32
		{4FF37A9C-B722-4875-A472-9259409E8FC4}.Debug|x64.ActiveCfg = Debug|x64
		{4FF37A9C-B722-4875-A472-9259409E8FC4}.Debug|x64.Build.0 = Debug|x64
		{4FF37A9C-B722-4875-A472-9259409E8FC4}.Debug|x86.ActiveCfg = Debug|Win32
		{4FF37A9C-B722-4875-A472-9259409E8FC4}.Debug|x86.Build.0 = Debug|Win32
		{4FF37A9C-B722-4875-A472-9259409E8FC4}.Release|x64.ActiveCfg = Release|x64
		{4FF37A9C-B722-4875-A472-9259409E8FC4}.Release|x64.Build.0 = Release|x64
		{4FF37A9C-B722-4875-A472-9259409E8FC4}.Release|x86.ActiveCfg = Release|Win32
		{4FF37A9C-B722-4875-A472-9259409E8FC4}.Release|x86.Build.0 = Release|Win32
	EndGlobalSection
	GlobalSection(SolutionProperties) = preSolution
		HideSolutionNode = FALSE
	EndGlobalSection
	GlobalSection(ExtensibilityGlobals) = postSolution
		SolutionGuid = {54A0AF7F-E0F3-475C-837B-4EAE065C3D32}
	EndGlobalSection
EndGlobal
